
Microsoft Visual Studio Solution File, Format Version 12.00
# Visual Studio 15
VisualStudioVersion = 15.0.28010.2003
MinimumVisualStudioVersion = 10.0.40219.1
Project("{FAE04EC0-301F-11D3-BF4B-00C04F79EFBC}") = "Divisionsin", "Divisionsin\Divisionsin.csproj", "{3563D317-E21B-4F14-A050-D8F5B4B4DC08}"
EndProject
Global
	GlobalSection(SolutionConfigurationPlatforms) = preSolution
		Debug|Any CPU = Debug|Any CPU
		Release|Any CPU = Release|Any CPU
	EndGlobalSection
	GlobalSection(ProjectConfigurationPlatforms) = postSolution
		{3563D317-E21B-4F14-A050-D8F5B4B4DC08}.Debug|Any CPU.ActiveCfg = Debug|Any CPU
		{3563D317-E21B-4F14-A050-D8F5B4B4DC08}.Debug|Any CPU.Build.0 = Debug|Any CPU
		{3563D317-E21B-4F14-A050-D8F5B4B4DC08}.Release|Any CPU.ActiveCfg = Release|Any CPU
		{3563D317-E21B-4F14-A050-D8F5B4B4DC08}.Release|Any CPU.Build.0 = Release|Any CPU
	EndGlobalSection
	GlobalSection(SolutionProperties) = preSolution
		HideSolutionNode = FALSE
	EndGlobalSection
	GlobalSection(ExtensibilityGlobals) = postSolution
		SolutionGuid = {D4235428-FE96-462A-97BE-49BF3DCA09C7}
	EndGlobalSection
EndGlobal
